// !$*UTF8*$!
{
	archiveVersion = 1;
	classes = {
	};
	objectVersion = 55;
	objects = {

/* Begin PBXBuildFile section */
		6C490EA32902842E0026AEF1 /* ListView.swift in Sources */ = {isa = PBXBuildFile; fileRef = 6C490EA22902842E0026AEF1 /* ListView.swift */; };
		6C490EA5290284770026AEF1 /* ListItemRow.swift in Sources */ = {isa = PBXBuildFile; fileRef = 6C490EA4290284770026AEF1 /* ListItemRow.swift */; };
		6C490EA7290479600026AEF1 /* Destination.swift in Sources */ = {isa = PBXBuildFile; fileRef = 6C490EA6290479600026AEF1 /* Destination.swift */; };
		6C490EA9290556AD0026AEF1 /* DetailView.swift in Sources */ = {isa = PBXBuildFile; fileRef = 6C490EA8290556AD0026AEF1 /* DetailView.swift */; };
		6C490EAB2906946F0026AEF1 /* MapView.swift in Sources */ = {isa = PBXBuildFile; fileRef = 6C490EAA2906946F0026AEF1 /* MapView.swift */; };
		6C490EAD2906B8710026AEF1 /* MyMapView.swift in Sources */ = {isa = PBXBuildFile; fileRef = 6C490EAC2906B8700026AEF1 /* MyMapView.swift */; };
		6CD380912909344E00215E15 /* ListCardView.swift in Sources */ = {isa = PBXBuildFile; fileRef = 6CD380902909344E00215E15 /* ListCardView.swift */; };
		6CEC99AE2901606700E003C9 /* HHDemoApp.swift in Sources */ = {isa = PBXBuildFile; fileRef = 6CEC99AD2901606700E003C9 /* HHDemoApp.swift */; };
		6CEC99B02901606700E003C9 /* ContentView.swift in Sources */ = {isa = PBXBuildFile; fileRef = 6CEC99AF2901606700E003C9 /* ContentView.swift */; };
		6CEC99B22901606900E003C9 /* Assets.xcassets in Resources */ = {isa = PBXBuildFile; fileRef = 6CEC99B12901606900E003C9 /* Assets.xcassets */; };
		6CEC99B52901606900E003C9 /* Preview Assets.xcassets in Resources */ = {isa = PBXBuildFile; fileRef = 6CEC99B42901606900E003C9 /* Preview Assets.xcassets */; };
		6CEC99C22901608700E003C9 /* HHDemoClipApp.swift in Sources */ = {isa = PBXBuildFile; fileRef = 6CEC99C12901608700E003C9 /* HHDemoClipApp.swift */; };
		6CEC99C42901608700E003C9 /* ContentView.swift in Sources */ = {isa = PBXBuildFile; fileRef = 6CEC99C32901608700E003C9 /* ContentView.swift */; };
		6CEC99C62901608800E003C9 /* Assets.xcassets in Resources */ = {isa = PBXBuildFile; fileRef = 6CEC99C52901608800E003C9 /* Assets.xcassets */; };
		6CEC99C92901608800E003C9 /* Preview Assets.xcassets in Resources */ = {isa = PBXBuildFile; fileRef = 6CEC99C82901608800E003C9 /* Preview Assets.xcassets */; };
		6CEC99CE2901608900E003C9 /* HHDemoClip.app in Embed App Clips */ = {isa = PBXBuildFile; fileRef = 6CEC99BF2901608700E003C9 /* HHDemoClip.app */; settings = {ATTRIBUTES = (RemoveHeadersOnCopy, ); }; };
/* End PBXBuildFile section */

/* Begin PBXContainerItemProxy section */
		6CEC99CC2901608900E003C9 /* PBXContainerItemProxy */ = {
			isa = PBXContainerItemProxy;
			containerPortal = 6CEC99A22901606700E003C9 /* Project object */;
			proxyType = 1;
			remoteGlobalIDString = 6CEC99BE2901608700E003C9;
			remoteInfo = HHDemoClip;
		};
/* End PBXContainerItemProxy section */

/* Begin PBXCopyFilesBuildPhase section */
		6CEC99D22901608900E003C9 /* Embed App Clips */ = {
			isa = PBXCopyFilesBuildPhase;
			buildActionMask = 2147483647;
			dstPath = "$(CONTENTS_FOLDER_PATH)/AppClips";
			dstSubfolderSpec = 16;
			files = (
				6CEC99CE2901608900E003C9 /* HHDemoClip.app in Embed App Clips */,
			);
			name = "Embed App Clips";
			runOnlyForDeploymentPostprocessing = 0;
		};
/* End PBXCopyFilesBuildPhase section */

/* Begin PBXFileReference section */
		6C490EA22902842E0026AEF1 /* ListView.swift */ = {isa = PBXFileReference; lastKnownFileType = sourcecode.swift; path = ListView.swift; sourceTree = "<group>"; };
		6C490EA4290284770026AEF1 /* ListItemRow.swift */ = {isa = PBXFileReference; lastKnownFileType = sourcecode.swift; path = ListItemRow.swift; sourceTree = "<group>"; };
		6C490EA6290479600026AEF1 /* Destination.swift */ = {isa = PBXFileReference; lastKnownFileType = sourcecode.swift; path = Destination.swift; sourceTree = "<group>"; };
		6C490EA8290556AD0026AEF1 /* DetailView.swift */ = {isa = PBXFileReference; lastKnownFileType = sourcecode.swift; path = DetailView.swift; sourceTree = "<group>"; };
		6C490EAA2906946F0026AEF1 /* MapView.swift */ = {isa = PBXFileReference; lastKnownFileType = sourcecode.swift; path = MapView.swift; sourceTree = "<group>"; };
		6C490EAC2906B8700026AEF1 /* MyMapView.swift */ = {isa = PBXFileReference; lastKnownFileType = sourcecode.swift; path = MyMapView.swift; sourceTree = "<group>"; };
		6CD380902909344E00215E15 /* ListCardView.swift */ = {isa = PBXFileReference; lastKnownFileType = sourcecode.swift; path = ListCardView.swift; sourceTree = "<group>"; };
		6CDDE61629016DB500FBD568 /* HHDemo.entitlements */ = {isa = PBXFileReference; lastKnownFileType = text.plist.entitlements; path = HHDemo.entitlements; sourceTree = "<group>"; };
		6CEC99AA2901606700E003C9 /* HHDemo.app */ = {isa = PBXFileReference; explicitFileType = wrapper.application; includeInIndex = 0; path = HHDemo.app; sourceTree = BUILT_PRODUCTS_DIR; };
		6CEC99AD2901606700E003C9 /* HHDemoApp.swift */ = {isa = PBXFileReference; lastKnownFileType = sourcecode.swift; path = HHDemoApp.swift; sourceTree = "<group>"; };
		6CEC99AF2901606700E003C9 /* ContentView.swift */ = {isa = PBXFileReference; lastKnownFileType = sourcecode.swift; path = ContentView.swift; sourceTree = "<group>"; };
		6CEC99B12901606900E003C9 /* Assets.xcassets */ = {isa = PBXFileReference; lastKnownFileType = folder.assetcatalog; path = Assets.xcassets; sourceTree = "<group>"; };
		6CEC99B42901606900E003C9 /* Preview Assets.xcassets */ = {isa = PBXFileReference; lastKnownFileType = folder.assetcatalog; path = "Preview Assets.xcassets"; sourceTree = "<group>"; };
		6CEC99BF2901608700E003C9 /* HHDemoClip.app */ = {isa = PBXFileReference; explicitFileType = wrapper.application; includeInIndex = 0; path = HHDemoClip.app; sourceTree = BUILT_PRODUCTS_DIR; };
		6CEC99C12901608700E003C9 /* HHDemoClipApp.swift */ = {isa = PBXFileReference; lastKnownFileType = sourcecode.swift; path = HHDemoClipApp.swift; sourceTree = "<group>"; };
		6CEC99C32901608700E003C9 /* ContentView.swift */ = {isa = PBXFileReference; lastKnownFileType = sourcecode.swift; path = ContentView.swift; sourceTree = "<group>"; };
		6CEC99C52901608800E003C9 /* Assets.xcassets */ = {isa = PBXFileReference; lastKnownFileType = folder.assetcatalog; path = Assets.xcassets; sourceTree = "<group>"; };
		6CEC99C82901608800E003C9 /* Preview Assets.xcassets */ = {isa = PBXFileReference; lastKnownFileType = folder.assetcatalog; path = "Preview Assets.xcassets"; sourceTree = "<group>"; };
		6CEC99CA2901608800E003C9 /* Info.plist */ = {isa = PBXFileReference; lastKnownFileType = text.plist.xml; path = Info.plist; sourceTree = "<group>"; };
		6CEC99CB2901608900E003C9 /* HHDemoClip.entitlements */ = {isa = PBXFileReference; lastKnownFileType = text.plist.entitlements; path = HHDemoClip.entitlements; sourceTree = "<group>"; };
/* End PBXFileReference section */

/* Begin PBXFrameworksBuildPhase section */
		6CEC99A72901606700E003C9 /* Frameworks */ = {
			isa = PBXFrameworksBuildPhase;
			buildActionMask = 2147483647;
			files = (
			);
			runOnlyForDeploymentPostprocessing = 0;
		};
		6CEC99BC2901608700E003C9 /* Frameworks */ = {
			isa = PBXFrameworksBuildPhase;
			buildActionMask = 2147483647;
			files = (
			);
			runOnlyForDeploymentPostprocessing = 0;
		};
/* End PBXFrameworksBuildPhase section */

/* Begin PBXGroup section */
		6CEC99A12901606700E003C9 = {
			isa = PBXGroup;
			children = (
				6CEC99AC2901606700E003C9 /* HHDemo */,
				6CEC99C02901608700E003C9 /* HHDemoClip */,
				6CEC99AB2901606700E003C9 /* Products */,
			);
			sourceTree = "<group>";
		};
		6CEC99AB2901606700E003C9 /* Products */ = {
			isa = PBXGroup;
			children = (
				6CEC99AA2901606700E003C9 /* HHDemo.app */,
				6CEC99BF2901608700E003C9 /* HHDemoClip.app */,
			);
			name = Products;
			sourceTree = "<group>";
		};
		6CEC99AC2901606700E003C9 /* HHDemo */ = {
			isa = PBXGroup;
			children = (
				6CDDE61629016DB500FBD568 /* HHDemo.entitlements */,
				6CEC99AD2901606700E003C9 /* HHDemoApp.swift */,
				6CEC99AF2901606700E003C9 /* ContentView.swift */,
				6CEC99B12901606900E003C9 /* Assets.xcassets */,
				6CEC99B32901606900E003C9 /* Preview Content */,
			);
			path = HHDemo;
			sourceTree = "<group>";
		};
		6CEC99B32901606900E003C9 /* Preview Content */ = {
			isa = PBXGroup;
			children = (
				6CEC99B42901606900E003C9 /* Preview Assets.xcassets */,
			);
			path = "Preview Content";
			sourceTree = "<group>";
		};
		6CEC99C02901608700E003C9 /* HHDemoClip */ = {
			isa = PBXGroup;
			children = (
				6CEC99C12901608700E003C9 /* HHDemoClipApp.swift */,
				6CEC99C32901608700E003C9 /* ContentView.swift */,
				6C490EA22902842E0026AEF1 /* ListView.swift */,
				6C490EA8290556AD0026AEF1 /* DetailView.swift */,
				6CD380902909344E00215E15 /* ListCardView.swift */,
				6C490EAC2906B8700026AEF1 /* MyMapView.swift */,
				6C490EAA2906946F0026AEF1 /* MapView.swift */,
				6C490EA6290479600026AEF1 /* Destination.swift */,
				6C490EA4290284770026AEF1 /* ListItemRow.swift */,
				6CEC99C52901608800E003C9 /* Assets.xcassets */,
				6CEC99CA2901608800E003C9 /* Info.plist */,
				6CEC99CB2901608900E003C9 /* HHDemoClip.entitlements */,
				6CEC99C72901608800E003C9 /* Preview Content */,
			);
			path = HHDemoClip;
			sourceTree = "<group>";
		};
		6CEC99C72901608800E003C9 /* Preview Content */ = {
			isa = PBXGroup;
			children = (
				6CEC99C82901608800E003C9 /* Preview Assets.xcassets */,
			);
			path = "Preview Content";
			sourceTree = "<group>";
		};
/* End PBXGroup section */

/* Begin PBXNativeTarget section */
		6CEC99A92901606700E003C9 /* HHDemo */ = {
			isa = PBXNativeTarget;
			buildConfigurationList = 6CEC99B82901606900E003C9 /* Build configuration list for PBXNativeTarget "HHDemo" */;
			buildPhases = (
				6CEC99A62901606700E003C9 /* Sources */,
				6CEC99A72901606700E003C9 /* Frameworks */,
				6CEC99A82901606700E003C9 /* Resources */,
				6CEC99D22901608900E003C9 /* Embed App Clips */,
			);
			buildRules = (
			);
			dependencies = (
				6CEC99CD2901608900E003C9 /* PBXTargetDependency */,
			);
			name = HHDemo;
			productName = HHDemo;
			productReference = 6CEC99AA2901606700E003C9 /* HHDemo.app */;
			productType = "com.apple.product-type.application";
		};
		6CEC99BE2901608700E003C9 /* HHDemoClip */ = {
			isa = PBXNativeTarget;
			buildConfigurationList = 6CEC99CF2901608900E003C9 /* Build configuration list for PBXNativeTarget "HHDemoClip" */;
			buildPhases = (
				6CEC99BB2901608700E003C9 /* Sources */,
				6CEC99BC2901608700E003C9 /* Frameworks */,
				6CEC99BD2901608700E003C9 /* Resources */,
			);
			buildRules = (
			);
			dependencies = (
			);
			name = HHDemoClip;
			productName = HHDemoClip;
			productReference = 6CEC99BF2901608700E003C9 /* HHDemoClip.app */;
			productType = "com.apple.product-type.application.on-demand-install-capable";
		};
/* End PBXNativeTarget section */

/* Begin PBXProject section */
		6CEC99A22901606700E003C9 /* Project object */ = {
			isa = PBXProject;
			attributes = {
				BuildIndependentTargetsInParallel = 1;
				LastSwiftUpdateCheck = 1340;
				LastUpgradeCheck = 1340;
				TargetAttributes = {
					6CEC99A92901606700E003C9 = {
						CreatedOnToolsVersion = 13.4.1;
					};
					6CEC99BE2901608700E003C9 = {
						CreatedOnToolsVersion = 13.4.1;
					};
				};
			};
			buildConfigurationList = 6CEC99A52901606700E003C9 /* Build configuration list for PBXProject "HHDemo" */;
			compatibilityVersion = "Xcode 13.0";
			developmentRegion = en;
			hasScannedForEncodings = 0;
			knownRegions = (
				en,
				Base,
			);
			mainGroup = 6CEC99A12901606700E003C9;
			productRefGroup = 6CEC99AB2901606700E003C9 /* Products */;
			projectDirPath = "";
			projectRoot = "";
			targets = (
				6CEC99A92901606700E003C9 /* HHDemo */,
				6CEC99BE2901608700E003C9 /* HHDemoClip */,
			);
		};
/* End PBXProject section */

/* Begin PBXResourcesBuildPhase section */
		6CEC99A82901606700E003C9 /* Resources */ = {
			isa = PBXResourcesBuildPhase;
			buildActionMask = 2147483647;
			files = (
				6CEC99B52901606900E003C9 /* Preview Assets.xcassets in Resources */,
				6CEC99B22901606900E003C9 /* Assets.xcassets in Resources */,
			);
			runOnlyForDeploymentPostprocessing = 0;
		};
		6CEC99BD2901608700E003C9 /* Resources */ = {
			isa = PBXResourcesBuildPhase;
			buildActionMask = 2147483647;
			files = (
				6CEC99C92901608800E003C9 /* Preview Assets.xcassets in Resources */,
				6CEC99C62901608800E003C9 /* Assets.xcassets in Resources */,
			);
			runOnlyForDeploymentPostprocessing = 0;
		};
/* End PBXResourcesBuildPhase section */

/* Begin PBXSourcesBuildPhase section */
		6CEC99A62901606700E003C9 /* Sources */ = {
			isa = PBXSourcesBuildPhase;
			buildActionMask = 2147483647;
			files = (
				6CEC99B02901606700E003C9 /* ContentView.swift in Sources */,
				6CEC99AE2901606700E003C9 /* HHDemoApp.swift in Sources */,
			);
			runOnlyForDeploymentPostprocessing = 0;
		};
		6CEC99BB2901608700E003C9 /* Sources */ = {
			isa = PBXSourcesBuildPhase;
			buildActionMask = 2147483647;
			files = (
				6C490EAB2906946F0026AEF1 /* MapView.swift in Sources */,
				6C490EAD2906B8710026AEF1 /* MyMapView.swift in Sources */,
				6CEC99C42901608700E003C9 /* ContentView.swift in Sources */,
				6C490EA9290556AD0026AEF1 /* DetailView.swift in Sources */,
				6CD380912909344E00215E15 /* ListCardView.swift in Sources */,
				6CEC99C22901608700E003C9 /* HHDemoClipApp.swift in Sources */,
				6C490EA7290479600026AEF1 /* Destination.swift in Sources */,
				6C490EA32902842E0026AEF1 /* ListView.swift in Sources */,
				6C490EA5290284770026AEF1 /* ListItemRow.swift in Sources */,
			);
			runOnlyForDeploymentPostprocessing = 0;
		};
/* End PBXSourcesBuildPhase section */

/* Begin PBXTargetDependency section */
		6CEC99CD2901608900E003C9 /* PBXTargetDependency */ = {
			isa = PBXTargetDependency;
			target = 6CEC99BE2901608700E003C9 /* HHDemoClip */;
			targetProxy = 6CEC99CC2901608900E003C9 /* PBXContainerItemProxy */;
		};
/* End PBXTargetDependency section */

/* Begin XCBuildConfiguration section */
		6CEC99B62901606900E003C9 /* Debug */ = {
			isa = XCBuildConfiguration;
			buildSettings = {
				ALWAYS_SEARCH_USER_PATHS = NO;
				CLANG_ANALYZER_NONNULL = YES;
				CLANG_ANALYZER_NUMBER_OBJECT_CONVERSION = YES_AGGRESSIVE;
				CLANG_CXX_LANGUAGE_STANDARD = "gnu++17";
				CLANG_ENABLE_MODULES = YES;
				CLANG_ENABLE_OBJC_ARC = YES;
				CLANG_ENABLE_OBJC_WEAK = YES;
				CLANG_WARN_BLOCK_CAPTURE_AUTORELEASING = YES;
				CLANG_WARN_BOOL_CONVERSION = YES;
				CLANG_WARN_COMMA = YES;
				CLANG_WARN_CONSTANT_CONVERSION = YES;
				CLANG_WARN_DEPRECATED_OBJC_IMPLEMENTATIONS = YES;
				CLANG_WARN_DIRECT_OBJC_ISA_USAGE = YES_ERROR;
				CLANG_WARN_DOCUMENTATION_COMMENTS = YES;
				CLANG_WARN_EMPTY_BODY = YES;
				CLANG_WARN_ENUM_CONVERSION = YES;
				CLANG_WARN_INFINITE_RECURSION = YES;
				CLANG_WARN_INT_CONVERSION = YES;
				CLANG_WARN_NON_LITERAL_NULL_CONVERSION = YES;
				CLANG_WARN_OBJC_IMPLICIT_RETAIN_SELF = YES;
				CLANG_WARN_OBJC_LITERAL_CONVERSION = YES;
				CLANG_WARN_OBJC_ROOT_CLASS = YES_ERROR;
				CLANG_WARN_QUOTED_INCLUDE_IN_FRAMEWORK_HEADER = YES;
				CLANG_WARN_RANGE_LOOP_ANALYSIS = YES;
				CLANG_WARN_STRICT_PROTOTYPES = YES;
				CLANG_WARN_SUSPICIOUS_MOVE = YES;
				CLANG_WARN_UNGUARDED_AVAILABILITY = YES_AGGRESSIVE;
				CLANG_WARN_UNREACHABLE_CODE = YES;
				CLANG_WARN__DUPLICATE_METHOD_MATCH = YES;
				COPY_PHASE_STRIP = NO;
				DEBUG_INFORMATION_FORMAT = dwarf;
				ENABLE_STRICT_OBJC_MSGSEND = YES;
				ENABLE_TESTABILITY = YES;
				GCC_C_LANGUAGE_STANDARD = gnu11;
				GCC_DYNAMIC_NO_PIC = NO;
				GCC_NO_COMMON_BLOCKS = YES;
				GCC_OPTIMIZATION_LEVEL = 0;
				GCC_PREPROCESSOR_DEFINITIONS = (
					"DEBUG=1",
					"$(inherited)",
				);
				GCC_WARN_64_TO_32_BIT_CONVERSION = YES;
				GCC_WARN_ABOUT_RETURN_TYPE = YES_ERROR;
				GCC_WARN_UNDECLARED_SELECTOR = YES;
				GCC_WARN_UNINITIALIZED_AUTOS = YES_AGGRESSIVE;
				GCC_WARN_UNUSED_FUNCTION = YES;
				GCC_WARN_UNUSED_VARIABLE = YES;
				IPHONEOS_DEPLOYMENT_TARGET = 16.0;
				MTL_ENABLE_DEBUG_INFO = INCLUDE_SOURCE;
				MTL_FAST_MATH = YES;
				ONLY_ACTIVE_ARCH = YES;
				SDKROOT = iphoneos;
				SWIFT_ACTIVE_COMPILATION_CONDITIONS = DEBUG;
				SWIFT_OPTIMIZATION_LEVEL = "-Onone";
			};
			name = Debug;
		};
		6CEC99B72901606900E003C9 /* Release */ = {
			isa = XCBuildConfiguration;
			buildSettings = {
				ALWAYS_SEARCH_USER_PATHS = NO;
				CLANG_ANALYZER_NONNULL = YES;
				CLANG_ANALYZER_NUMBER_OBJECT_CONVERSION = YES_AGGRESSIVE;
				CLANG_CXX_LANGUAGE_STANDARD = "gnu++17";
				CLANG_ENABLE_MODULES = YES;
				CLANG_ENABLE_OBJC_ARC = YES;
				CLANG_ENABLE_OBJC_WEAK = YES;
				CLANG_WARN_BLOCK_CAPTURE_AUTORELEASING = YES;
				CLANG_WARN_BOOL_CONVERSION = YES;
				CLANG_WARN_COMMA = YES;
				CLANG_WARN_CONSTANT_CONVERSION = YES;
				CLANG_WARN_DEPRECATED_OBJC_IMPLEMENTATIONS = YES;
				CLANG_WARN_DIRECT_OBJC_ISA_USAGE = YES_ERROR;
				CLANG_WARN_DOCUMENTATION_COMMENTS = YES;
				CLANG_WARN_EMPTY_BODY = YES;
				CLANG_WARN_ENUM_CONVERSION = YES;
				CLANG_WARN_INFINITE_RECURSION = YES;
				CLANG_WARN_INT_CONVERSION = YES;
				CLANG_WARN_NON_LITERAL_NULL_CONVERSION = YES;
				CLANG_WARN_OBJC_IMPLICIT_RETAIN_SELF = YES;
				CLANG_WARN_OBJC_LITERAL_CONVERSION = YES;
				CLANG_WARN_OBJC_ROOT_CLASS = YES_ERROR;
				CLANG_WARN_QUOTED_INCLUDE_IN_FRAMEWORK_HEADER = YES;
				CLANG_WARN_RANGE_LOOP_ANALYSIS = YES;
				CLANG_WARN_STRICT_PROTOTYPES = YES;
				CLANG_WARN_SUSPICIOUS_MOVE = YES;
				CLANG_WARN_UNGUARDED_AVAILABILITY = YES_AGGRESSIVE;
				CLANG_WARN_UNREACHABLE_CODE = YES;
				CLANG_WARN__DUPLICATE_METHOD_MATCH = YES;
				COPY_PHASE_STRIP = NO;
				DEBUG_INFORMATION_FORMAT = "dwarf-with-dsym";
				ENABLE_NS_ASSERTIONS = NO;
				ENABLE_STRICT_OBJC_MSGSEND = YES;
				GCC_C_LANGUAGE_STANDARD = gnu11;
				GCC_NO_COMMON_BLOCKS = YES;
				GCC_WARN_64_TO_32_BIT_CONVERSION = YES;
				GCC_WARN_ABOUT_RETURN_TYPE = YES_ERROR;
				GCC_WARN_UNDECLARED_SELECTOR = YES;
				GCC_WARN_UNINITIALIZED_AUTOS = YES_AGGRESSIVE;
				GCC_WARN_UNUSED_FUNCTION = YES;
				GCC_WARN_UNUSED_VARIABLE = YES;
				IPHONEOS_DEPLOYMENT_TARGET = 16.0;
				MTL_ENABLE_DEBUG_INFO = NO;
				MTL_FAST_MATH = YES;
				SDKROOT = iphoneos;
				SWIFT_COMPILATION_MODE = wholemodule;
				SWIFT_OPTIMIZATION_LEVEL = "-O";
				VALIDATE_PRODUCT = YES;
			};
			name = Release;
		};
		6CEC99B92901606900E003C9 /* Debug */ = {
			isa = XCBuildConfiguration;
			buildSettings = {
				ALWAYS_EMBED_SWIFT_STANDARD_LIBRARIES = YES;
				ASSETCATALOG_COMPILER_APPICON_NAME = AppIcon;
				ASSETCATALOG_COMPILER_GLOBAL_ACCENT_COLOR_NAME = AccentColor;
				CODE_SIGN_ENTITLEMENTS = HHDemo/HHDemo.entitlements;
				CODE_SIGN_STYLE = Automatic;
				CURRENT_PROJECT_VERSION = 1;
				DEVELOPMENT_ASSET_PATHS = "\"HHDemo/Preview Content\"";
				DEVELOPMENT_TEAM = UEVSN8X7G2;
				ENABLE_PREVIEWS = YES;
				GENERATE_INFOPLIST_FILE = YES;
				INFOPLIST_KEY_UIApplicationSceneManifest_Generation = YES;
				INFOPLIST_KEY_UIApplicationSupportsIndirectInputEvents = YES;
				INFOPLIST_KEY_UILaunchScreen_Generation = YES;
				INFOPLIST_KEY_UISupportedInterfaceOrientations_iPad = "UIInterfaceOrientationPortrait UIInterfaceOrientationPortraitUpsideDown UIInterfaceOrientationLandscapeLeft UIInterfaceOrientationLandscapeRight";
				INFOPLIST_KEY_UISupportedInterfaceOrientations_iPhone = "UIInterfaceOrientationPortrait UIInterfaceOrientationLandscapeLeft UIInterfaceOrientationLandscapeRight";
				LD_RUNPATH_SEARCH_PATHS = (
					"$(inherited)",
					"@executable_path/Frameworks",
				);
				MARKETING_VERSION = 1.0;
				PRODUCT_BUNDLE_IDENTIFIER = no.abk.HHDemo;
				PRODUCT_NAME = "$(TARGET_NAME)";
				SWIFT_EMIT_LOC_STRINGS = YES;
				SWIFT_VERSION = 5.0;
				TARGETED_DEVICE_FAMILY = "1,2";
			};
			name = Debug;
		};
		6CEC99BA2901606900E003C9 /* Release */ = {
			isa = XCBuildConfiguration;
			buildSettings = {
				ALWAYS_EMBED_SWIFT_STANDARD_LIBRARIES = YES;
				ASSETCATALOG_COMPILER_APPICON_NAME = AppIcon;
				ASSETCATALOG_COMPILER_GLOBAL_ACCENT_COLOR_NAME = AccentColor;
				CODE_SIGN_ENTITLEMENTS = HHDemo/HHDemo.entitlements;
				CODE_SIGN_STYLE = Automatic;
				CURRENT_PROJECT_VERSION = 1;
				DEVELOPMENT_ASSET_PATHS = "\"HHDemo/Preview Content\"";
				DEVELOPMENT_TEAM = UEVSN8X7G2;
				ENABLE_PREVIEWS = YES;
				GENERATE_INFOPLIST_FILE = YES;
				INFOPLIST_KEY_UIApplicationSceneManifest_Generation = YES;
				INFOPLIST_KEY_UIApplicationSupportsIndirectInputEvents = YES;
				INFOPLIST_KEY_UILaunchScreen_Generation = YES;
				INFOPLIST_KEY_UISupportedInterfaceOrientations_iPad = "UIInterfaceOrientationPortrait UIInterfaceOrientationPortraitUpsideDown UIInterfaceOrientationLandscapeLeft UIInterfaceOrientationLandscapeRight";
				INFOPLIST_KEY_UISupportedInterfaceOrientations_iPhone = "UIInterfaceOrientationPortrait UIInterfaceOrientationLandscapeLeft UIInterfaceOrientationLandscapeRight";
				LD_RUNPATH_SEARCH_PATHS = (
					"$(inherited)",
					"@executable_path/Frameworks",
				);
				MARKETING_VERSION = 1.0;
				PRODUCT_BUNDLE_IDENTIFIER = no.abk.HHDemo;
				PRODUCT_NAME = "$(TARGET_NAME)";
				SWIFT_EMIT_LOC_STRINGS = YES;
				SWIFT_VERSION = 5.0;
				TARGETED_DEVICE_FAMILY = "1,2";
			};
			name = Release;
		};
		6CEC99D02901608900E003C9 /* Debug */ = {
			isa = XCBuildConfiguration;
			buildSettings = {
				ASSETCATALOG_COMPILER_APPICON_NAME = AppIcon;
				ASSETCATALOG_COMPILER_GLOBAL_ACCENT_COLOR_NAME = AccentColor;
				CODE_SIGN_ENTITLEMENTS = HHDemoClip/HHDemoClip.entitlements;
				CODE_SIGN_STYLE = Automatic;
				CURRENT_PROJECT_VERSION = 1;
				DEVELOPMENT_ASSET_PATHS = "\"HHDemoClip/Preview Content\"";
				DEVELOPMENT_TEAM = UEVSN8X7G2;
				ENABLE_PREVIEWS = YES;
				GENERATE_INFOPLIST_FILE = YES;
				INFOPLIST_FILE = HHDemoClip/Info.plist;
				INFOPLIST_KEY_CFBundleDisplayName = HHDemo;
				INFOPLIST_KEY_UIApplicationSceneManifest_Generation = YES;
				INFOPLIST_KEY_UIApplicationSupportsIndirectInputEvents = YES;
				INFOPLIST_KEY_UILaunchScreen_Generation = YES;
				INFOPLIST_KEY_UISupportedInterfaceOrientations_iPad = "UIInterfaceOrientationPortrait UIInterfaceOrientationPortraitUpsideDown UIInterfaceOrientationLandscapeLeft UIInterfaceOrientationLandscapeRight";
				INFOPLIST_KEY_UISupportedInterfaceOrientations_iPhone = "UIInterfaceOrientationPortrait UIInterfaceOrientationLandscapeLeft UIInterfaceOrientationLandscapeRight";
				LD_RUNPATH_SEARCH_PATHS = (
					"$(inherited)",
					"@executable_path/Frameworks",
				);
				MARKETING_VERSION = 1.0;
				PRODUCT_BUNDLE_IDENTIFIER = no.abk.HHDemo.Clip;
				PRODUCT_NAME = "$(TARGET_NAME)";
				SWIFT_EMIT_LOC_STRINGS = YES;
				SWIFT_VERSION = 5.0;
				TARGETED_DEVICE_FAMILY = "1,2";
			};
			name = Debug;
		};
		6CEC99D12901608900E003C9 /* Release */ = {
			isa = XCBuildConfiguration;
			buildSettings = {
				ASSETCATALOG_COMPILER_APPICON_NAME = AppIcon;
				ASSETCATALOG_COMPILER_GLOBAL_ACCENT_COLOR_NAME = AccentColor;
				CODE_SIGN_ENTITLEMENTS = HHDemoClip/HHDemoClip.entitlements;
				CODE_SIGN_STYLE = Automatic;
				CURRENT_PROJECT_VERSION = 1;
				DEVELOPMENT_ASSET_PATHS = "\"HHDemoClip/Preview Content\"";
				DEVELOPMENT_TEAM = UEVSN8X7G2;
				ENABLE_PREVIEWS = YES;
				GENERATE_INFOPLIST_FILE = YES;
				INFOPLIST_FILE = HHDemoClip/Info.plist;
				INFOPLIST_KEY_CFBundleDisplayName = HHDemo;
				INFOPLIST_KEY_UIApplicationSceneManifest_Generation = YES;
				INFOPLIST_KEY_UIApplicationSupportsIndirectInputEvents = YES;
				INFOPLIST_KEY_UILaunchScreen_Generation = YES;
				INFOPLIST_KEY_UISupportedInterfaceOrientations_iPad = "UIInterfaceOrientationPortrait UIInterfaceOrientationPortraitUpsideDown UIInterfaceOrientationLandscapeLeft UIInterfaceOrientationLandscapeRight";
				INFOPLIST_KEY_UISupportedInterfaceOrientations_iPhone = "UIInterfaceOrientationPortrait UIInterfaceOrientationLandscapeLeft UIInterfaceOrientationLandscapeRight";
				LD_RUNPATH_SEARCH_PATHS = (
					"$(inherited)",
					"@executable_path/Frameworks",
				);
				MARKETING_VERSION = 1.0;
				PRODUCT_BUNDLE_IDENTIFIER = no.abk.HHDemo.Clip;
				PRODUCT_NAME = "$(TARGET_NAME)";
				SWIFT_EMIT_LOC_STRINGS = YES;
				SWIFT_VERSION = 5.0;
				TARGETED_DEVICE_FAMILY = "1,2";
			};
			name = Release;
		};
/* End XCBuildConfiguration section */

/* Begin XCConfigurationList section */
		6CEC99A52901606700E003C9 /* Build configuration list for PBXProject "HHDemo" */ = {
			isa = XCConfigurationList;
			buildConfigurations = (
				6CEC99B62901606900E003C9 /* Debug */,
				6CEC99B72901606900E003C9 /* Release */,
			);
			defaultConfigurationIsVisible = 0;
			defaultConfigurationName = Release;
		};
		6CEC99B82901606900E003C9 /* Build configuration list for PBXNativeTarget "HHDemo" */ = {
			isa = XCConfigurationList;
			buildConfigurations = (
				6CEC99B92901606900E003C9 /* Debug */,
				6CEC99BA2901606900E003C9 /* Release */,
			);
			defaultConfigurationIsVisible = 0;
			defaultConfigurationName = Release;
		};
		6CEC99CF2901608900E003C9 /* Build configuration list for PBXNativeTarget "HHDemoClip" */ = {
			isa = XCConfigurationList;
			buildConfigurations = (
				6CEC99D02901608900E003C9 /* Debug */,
				6CEC99D12901608900E003C9 /* Release */,
			);
			defaultConfigurationIsVisible = 0;
			defaultConfigurationName = Release;
		};
/* End XCConfigurationList section */
	};
	rootObject = 6CEC99A22901606700E003C9 /* Project object */;
}
