// !$*UTF8*$!
{
	archiveVersion = 1;
	classes = {
	};
	objectVersion = 56;
	objects = {

/* Begin PBXBuildFile section */
		2020261C2B02485D0054986E /* BrandInfo.swift in Sources */ = {isa = PBXBuildFile; fileRef = 2020261B2B02485D0054986E /* BrandInfo.swift */; };
		2020261F2B025C520054986E /* SubProduct.swift in Sources */ = {isa = PBXBuildFile; fileRef = 2020261E2B025C520054986E /* SubProduct.swift */; };
		20958EF32AFCF64900615FB9 /* Preview Assets.xcassets in Resources */ = {isa = PBXBuildFile; fileRef = 20958EF22AFCF64900615FB9 /* Preview Assets.xcassets */; };
		686823622AE8309A00D74134 /* Avenir in Resources */ = {isa = PBXBuildFile; fileRef = 686823612AE8309900D74134 /* Avenir */; };
		686823642AE92BFA00D74134 /* TestView.swift in Sources */ = {isa = PBXBuildFile; fileRef = 686823632AE92BFA00D74134 /* TestView.swift */; };
		68BB325F292DFA5A0041895B /* UsermanualView.swift in Sources */ = {isa = PBXBuildFile; fileRef = 68BB325E292DFA5A0041895B /* UsermanualView.swift */; };
		68BB3261292DFB140041895B /* ManualButtonView.swift in Sources */ = {isa = PBXBuildFile; fileRef = 68BB3260292DFB140041895B /* ManualButtonView.swift */; };
		68BB3265292E15740041895B /* CustomerFeedBackView.swift in Sources */ = {isa = PBXBuildFile; fileRef = 68BB3264292E15740041895B /* CustomerFeedBackView.swift */; };
		68BB3267292E1B9C0041895B /* RatingView.swift in Sources */ = {isa = PBXBuildFile; fileRef = 68BB3266292E1B9C0041895B /* RatingView.swift */; };
		68BB3270292E50720041895B /* DetailHeaderView.swift in Sources */ = {isa = PBXBuildFile; fileRef = 68BB326F292E50720041895B /* DetailHeaderView.swift */; };
		68BB3280292E61C10041895B /* ImageDetailView.swift in Sources */ = {isa = PBXBuildFile; fileRef = 68BB327F292E61C10041895B /* ImageDetailView.swift */; };
		68BB3282292E63310041895B /* SpecsView.swift in Sources */ = {isa = PBXBuildFile; fileRef = 68BB3281292E63310041895B /* SpecsView.swift */; };
		68BB3284292EB0D50041895B /* VideoViewProvider.swift in Sources */ = {isa = PBXBuildFile; fileRef = 68BB3283292EB0D50041895B /* VideoViewProvider.swift */; };
		68BB3286292EB4DD0041895B /* VideoView.swift in Sources */ = {isa = PBXBuildFile; fileRef = 68BB3285292EB4DD0041895B /* VideoView.swift */; };
		68BB3288292F65000041895B /* ProductInformationView.swift in Sources */ = {isa = PBXBuildFile; fileRef = 68BB3287292F65000041895B /* ProductInformationView.swift */; };
		68BB328A292FB2D10041895B /* LanguageView.swift in Sources */ = {isa = PBXBuildFile; fileRef = 68BB3289292FB2D10041895B /* LanguageView.swift */; };
		68BB328C292FBE5F0041895B /* ColorExtention.swift in Sources */ = {isa = PBXBuildFile; fileRef = 68BB328B292FBE5F0041895B /* ColorExtention.swift */; };
		6C195BCD292D126400C888A5 /* HeadingView.swift in Sources */ = {isa = PBXBuildFile; fileRef = 6C195BCC292D126400C888A5 /* HeadingView.swift */; };
		6CEF450D292B8AEF00610566 /* ShortcutAppDemo.swift in Sources */ = {isa = PBXBuildFile; fileRef = 6CEF450C292B8AEF00610566 /* ShortcutAppDemo.swift */; };
		6CEF450F292B8AEF00610566 /* ContentView.swift in Sources */ = {isa = PBXBuildFile; fileRef = 6CEF450E292B8AEF00610566 /* ContentView.swift */; };
		6CEF4511292B8AF100610566 /* Assets.xcassets in Resources */ = {isa = PBXBuildFile; fileRef = 6CEF4510292B8AF100610566 /* Assets.xcassets */; };
		6CEF4514292B8AF100610566 /* Preview Assets.xcassets in Resources */ = {isa = PBXBuildFile; fileRef = 6CEF4513292B8AF100610566 /* Preview Assets.xcassets */; };
		6CEF4521292B8B1F00610566 /* ShortcutAppClipDemo.swift in Sources */ = {isa = PBXBuildFile; fileRef = 6CEF4520292B8B1F00610566 /* ShortcutAppClipDemo.swift */; };
		6CEF4523292B8B1F00610566 /* ContentView.swift in Sources */ = {isa = PBXBuildFile; fileRef = 6CEF4522292B8B1F00610566 /* ContentView.swift */; };
		6CEF4525292B8B2000610566 /* Assets.xcassets in Resources */ = {isa = PBXBuildFile; fileRef = 6CEF4524292B8B2000610566 /* Assets.xcassets */; };
		6CEF452D292B8B2000610566 /* ShortcutDemoClip.app in Embed App Clips */ = {isa = PBXBuildFile; fileRef = 6CEF451E292B8B1F00610566 /* ShortcutDemoClip.app */; settings = {ATTRIBUTES = (RemoveHeadersOnCopy, ); }; };
		6CEF4533292C121C00610566 /* CellView.swift in Sources */ = {isa = PBXBuildFile; fileRef = 6CEF4532292C121C00610566 /* CellView.swift */; };
		6CEF4535292CC35600610566 /* RegisterView.swift in Sources */ = {isa = PBXBuildFile; fileRef = 6CEF4534292CC35600610566 /* RegisterView.swift */; };
		6CEF4537292CC3DB00610566 /* TopBanner.swift in Sources */ = {isa = PBXBuildFile; fileRef = 6CEF4536292CC3DB00610566 /* TopBanner.swift */; };
		6CEF4539292CCB1600610566 /* SparePartsView.swift in Sources */ = {isa = PBXBuildFile; fileRef = 6CEF4538292CCB1600610566 /* SparePartsView.swift */; };
		6CEF453B292CDF6E00610566 /* SubProductsView.swift in Sources */ = {isa = PBXBuildFile; fileRef = 6CEF453A292CDF6E00610566 /* SubProductsView.swift */; };
/* End PBXBuildFile section */

/* Begin PBXContainerItemProxy section */
		6CEF452B292B8B2000610566 /* PBXContainerItemProxy */ = {
			isa = PBXContainerItemProxy;
			containerPortal = 6CEF4501292B8AEF00610566 /* Project object */;
			proxyType = 1;
			remoteGlobalIDString = 6CEF451D292B8B1F00610566;
			remoteInfo = WilfaClip;
		};
/* End PBXContainerItemProxy section */

/* Begin PBXCopyFilesBuildPhase section */
		6CEF4531292B8B2000610566 /* Embed App Clips */ = {
			isa = PBXCopyFilesBuildPhase;
			buildActionMask = 2147483647;
			dstPath = "$(CONTENTS_FOLDER_PATH)/AppClips";
			dstSubfolderSpec = 16;
			files = (
				6CEF452D292B8B2000610566 /* ShortcutDemoClip.app in Embed App Clips */,
			);
			name = "Embed App Clips";
			runOnlyForDeploymentPostprocessing = 0;
		};
/* End PBXCopyFilesBuildPhase section */

/* Begin PBXFileReference section */
		2020261B2B02485D0054986E /* BrandInfo.swift */ = {isa = PBXFileReference; lastKnownFileType = sourcecode.swift; path = BrandInfo.swift; sourceTree = "<group>"; };
		2020261E2B025C520054986E /* SubProduct.swift */ = {isa = PBXFileReference; lastKnownFileType = sourcecode.swift; path = SubProduct.swift; sourceTree = "<group>"; };
		20958EF22AFCF64900615FB9 /* Preview Assets.xcassets */ = {isa = PBXFileReference; lastKnownFileType = folder.assetcatalog; path = "Preview Assets.xcassets"; sourceTree = "<group>"; };
		686823612AE8309900D74134 /* Avenir */ = {isa = PBXFileReference; lastKnownFileType = folder; path = Avenir; sourceTree = "<group>"; };
		686823632AE92BFA00D74134 /* TestView.swift */ = {isa = PBXFileReference; lastKnownFileType = sourcecode.swift; path = TestView.swift; sourceTree = "<group>"; };
		68BB325E292DFA5A0041895B /* UsermanualView.swift */ = {isa = PBXFileReference; lastKnownFileType = sourcecode.swift; path = UsermanualView.swift; sourceTree = "<group>"; };
		68BB3260292DFB140041895B /* ManualButtonView.swift */ = {isa = PBXFileReference; lastKnownFileType = sourcecode.swift; path = ManualButtonView.swift; sourceTree = "<group>"; };
		68BB3264292E15740041895B /* CustomerFeedBackView.swift */ = {isa = PBXFileReference; lastKnownFileType = sourcecode.swift; path = CustomerFeedBackView.swift; sourceTree = "<group>"; };
		68BB3266292E1B9C0041895B /* RatingView.swift */ = {isa = PBXFileReference; lastKnownFileType = sourcecode.swift; path = RatingView.swift; sourceTree = "<group>"; };
		68BB326F292E50720041895B /* DetailHeaderView.swift */ = {isa = PBXFileReference; lastKnownFileType = sourcecode.swift; path = DetailHeaderView.swift; sourceTree = "<group>"; };
		68BB327F292E61C10041895B /* ImageDetailView.swift */ = {isa = PBXFileReference; lastKnownFileType = sourcecode.swift; path = ImageDetailView.swift; sourceTree = "<group>"; };
		68BB3281292E63310041895B /* SpecsView.swift */ = {isa = PBXFileReference; lastKnownFileType = sourcecode.swift; path = SpecsView.swift; sourceTree = "<group>"; };
		68BB3283292EB0D50041895B /* VideoViewProvider.swift */ = {isa = PBXFileReference; lastKnownFileType = sourcecode.swift; path = VideoViewProvider.swift; sourceTree = "<group>"; };
		68BB3285292EB4DD0041895B /* VideoView.swift */ = {isa = PBXFileReference; lastKnownFileType = sourcecode.swift; path = VideoView.swift; sourceTree = "<group>"; };
		68BB3287292F65000041895B /* ProductInformationView.swift */ = {isa = PBXFileReference; lastKnownFileType = sourcecode.swift; path = ProductInformationView.swift; sourceTree = "<group>"; };
		68BB3289292FB2D10041895B /* LanguageView.swift */ = {isa = PBXFileReference; lastKnownFileType = sourcecode.swift; path = LanguageView.swift; sourceTree = "<group>"; };
		68BB328B292FBE5F0041895B /* ColorExtention.swift */ = {isa = PBXFileReference; lastKnownFileType = sourcecode.swift; path = ColorExtention.swift; sourceTree = "<group>"; };
		6C195BCC292D126400C888A5 /* HeadingView.swift */ = {isa = PBXFileReference; lastKnownFileType = sourcecode.swift; path = HeadingView.swift; sourceTree = "<group>"; };
		6CEF4509292B8AEF00610566 /* ShortcutDemo.app */ = {isa = PBXFileReference; explicitFileType = wrapper.application; includeInIndex = 0; path = ShortcutDemo.app; sourceTree = BUILT_PRODUCTS_DIR; };
		6CEF450C292B8AEF00610566 /* ShortcutAppDemo.swift */ = {isa = PBXFileReference; lastKnownFileType = sourcecode.swift; path = ShortcutAppDemo.swift; sourceTree = "<group>"; };
		6CEF450E292B8AEF00610566 /* ContentView.swift */ = {isa = PBXFileReference; lastKnownFileType = sourcecode.swift; path = ContentView.swift; sourceTree = "<group>"; };
		6CEF4510292B8AF100610566 /* Assets.xcassets */ = {isa = PBXFileReference; lastKnownFileType = folder.assetcatalog; path = Assets.xcassets; sourceTree = "<group>"; };
		6CEF4513292B8AF100610566 /* Preview Assets.xcassets */ = {isa = PBXFileReference; lastKnownFileType = folder.assetcatalog; path = "Preview Assets.xcassets"; sourceTree = "<group>"; };
		6CEF451E292B8B1F00610566 /* ShortcutDemoClip.app */ = {isa = PBXFileReference; explicitFileType = wrapper.application; includeInIndex = 0; path = ShortcutDemoClip.app; sourceTree = BUILT_PRODUCTS_DIR; };
		6CEF4520292B8B1F00610566 /* ShortcutAppClipDemo.swift */ = {isa = PBXFileReference; lastKnownFileType = sourcecode.swift; path = ShortcutAppClipDemo.swift; sourceTree = "<group>"; };
		6CEF4522292B8B1F00610566 /* ContentView.swift */ = {isa = PBXFileReference; lastKnownFileType = sourcecode.swift; path = ContentView.swift; sourceTree = "<group>"; };
		6CEF4524292B8B2000610566 /* Assets.xcassets */ = {isa = PBXFileReference; lastKnownFileType = folder.assetcatalog; path = Assets.xcassets; sourceTree = "<group>"; };
		6CEF4529292B8B2000610566 /* Info.plist */ = {isa = PBXFileReference; lastKnownFileType = text.plist.xml; path = Info.plist; sourceTree = "<group>"; };
		6CEF452A292B8B2000610566 /* ShortcutDemoAppClip.entitlements */ = {isa = PBXFileReference; lastKnownFileType = text.plist.entitlements; path = ShortcutDemoAppClip.entitlements; sourceTree = "<group>"; };
		6CEF4532292C121C00610566 /* CellView.swift */ = {isa = PBXFileReference; lastKnownFileType = sourcecode.swift; path = CellView.swift; sourceTree = "<group>"; };
		6CEF4534292CC35600610566 /* RegisterView.swift */ = {isa = PBXFileReference; lastKnownFileType = sourcecode.swift; path = RegisterView.swift; sourceTree = "<group>"; };
		6CEF4536292CC3DB00610566 /* TopBanner.swift */ = {isa = PBXFileReference; lastKnownFileType = sourcecode.swift; path = TopBanner.swift; sourceTree = "<group>"; };
		6CEF4538292CCB1600610566 /* SparePartsView.swift */ = {isa = PBXFileReference; lastKnownFileType = sourcecode.swift; path = SparePartsView.swift; sourceTree = "<group>"; };
		6CEF453A292CDF6E00610566 /* SubProductsView.swift */ = {isa = PBXFileReference; lastKnownFileType = sourcecode.swift; path = SubProductsView.swift; sourceTree = "<group>"; };
/* End PBXFileReference section */

/* Begin PBXFrameworksBuildPhase section */
		6CEF4506292B8AEF00610566 /* Frameworks */ = {
			isa = PBXFrameworksBuildPhase;
			buildActionMask = 2147483647;
			files = (
			);
			runOnlyForDeploymentPostprocessing = 0;
		};
		6CEF451B292B8B1F00610566 /* Frameworks */ = {
			isa = PBXFrameworksBuildPhase;
			buildActionMask = 2147483647;
			files = (
			);
			runOnlyForDeploymentPostprocessing = 0;
		};
/* End PBXFrameworksBuildPhase section */

/* Begin PBXGroup section */
		202026192B02456D0054986E /* Specs */ = {
			isa = PBXGroup;
			children = (
				68BB3281292E63310041895B /* SpecsView.swift */,
			);
			path = Specs;
			sourceTree = "<group>";
		};
		2020261D2B025C300054986E /* SpareParts */ = {
			isa = PBXGroup;
			children = (
				2020261E2B025C520054986E /* SubProduct.swift */,
			);
			path = SpareParts;
			sourceTree = "<group>";
		};
		686823602AE7ACFE00D74134 /* Fonts */ = {
			isa = PBXGroup;
			children = (
				686823612AE8309900D74134 /* Avenir */,
			);
			path = Fonts;
			sourceTree = "<group>";
		};
		68BB3262292E14800041895B /* RReusableViews */ = {
			isa = PBXGroup;
			children = (
				6CEF4532292C121C00610566 /* CellView.swift */,
				6C195BCC292D126400C888A5 /* HeadingView.swift */,
				6CEF4536292CC3DB00610566 /* TopBanner.swift */,
				68BB3260292DFB140041895B /* ManualButtonView.swift */,
				68BB3266292E1B9C0041895B /* RatingView.swift */,
				68BB326F292E50720041895B /* DetailHeaderView.swift */,
				6CEF4538292CCB1600610566 /* SparePartsView.swift */,
				68BB3283292EB0D50041895B /* VideoViewProvider.swift */,
				68BB3289292FB2D10041895B /* LanguageView.swift */,
				68BB328B292FBE5F0041895B /* ColorExtention.swift */,
			);
			path = RReusableViews;
			sourceTree = "<group>";
		};
		68BB326C292E4DCF0041895B /* Usermanual */ = {
			isa = PBXGroup;
			children = (
				68BB325E292DFA5A0041895B /* UsermanualView.swift */,
				68BB327F292E61C10041895B /* ImageDetailView.swift */,
			);
			path = Usermanual;
			sourceTree = "<group>";
		};
		6CEF4500292B8AEF00610566 = {
			isa = PBXGroup;
			children = (
				6CEF450B292B8AEF00610566 /* ShortcutAppDemo */,
				6CEF451F292B8B1F00610566 /* ShortcutAppClipDemo */,
				6CEF450A292B8AEF00610566 /* Products */,
			);
			sourceTree = "<group>";
		};
		6CEF450A292B8AEF00610566 /* Products */ = {
			isa = PBXGroup;
			children = (
				6CEF4509292B8AEF00610566 /* ShortcutDemo.app */,
				6CEF451E292B8B1F00610566 /* ShortcutDemoClip.app */,
			);
			name = Products;
			sourceTree = "<group>";
		};
		6CEF450B292B8AEF00610566 /* ShortcutAppDemo */ = {
			isa = PBXGroup;
			children = (
				6CEF450C292B8AEF00610566 /* ShortcutAppDemo.swift */,
				6CEF450E292B8AEF00610566 /* ContentView.swift */,
				6CEF4510292B8AF100610566 /* Assets.xcassets */,
				6CEF4512292B8AF100610566 /* Preview Content */,
			);
			path = ShortcutAppDemo;
			sourceTree = "<group>";
		};
		6CEF4512292B8AF100610566 /* Preview Content */ = {
			isa = PBXGroup;
			children = (
				6CEF4513292B8AF100610566 /* Preview Assets.xcassets */,
			);
			path = "Preview Content";
			sourceTree = "<group>";
		};
		6CEF451F292B8B1F00610566 /* ShortcutAppClipDemo */ = {
			isa = PBXGroup;
			children = (
				2020261D2B025C300054986E /* SpareParts */,
				6CEF4522292B8B1F00610566 /* ContentView.swift */,
				686823602AE7ACFE00D74134 /* Fonts */,
				6CEF4520292B8B1F00610566 /* ShortcutAppClipDemo.swift */,
				2020261B2B02485D0054986E /* BrandInfo.swift */,
				68BB326C292E4DCF0041895B /* Usermanual */,
				202026192B02456D0054986E /* Specs */,
				68BB3262292E14800041895B /* RReusableViews */,
				686823632AE92BFA00D74134 /* TestView.swift */,
				68BB3287292F65000041895B /* ProductInformationView.swift */,
				68BB3264292E15740041895B /* CustomerFeedBackView.swift */,
				6CEF4534292CC35600610566 /* RegisterView.swift */,
				6CEF453A292CDF6E00610566 /* SubProductsView.swift */,
				68BB3285292EB4DD0041895B /* VideoView.swift */,
				6CEF4524292B8B2000610566 /* Assets.xcassets */,
				6CEF4529292B8B2000610566 /* Info.plist */,
				6CEF452A292B8B2000610566 /* ShortcutDemoAppClip.entitlements */,
				6CEF4526292B8B2000610566 /* Preview Content */,
			);
			path = ShortcutAppClipDemo;
			sourceTree = "<group>";
		};
		6CEF4526292B8B2000610566 /* Preview Content */ = {
			isa = PBXGroup;
			children = (
				20958EF22AFCF64900615FB9 /* Preview Assets.xcassets */,
			);
			path = "Preview Content";
			sourceTree = "<group>";
		};
/* End PBXGroup section */

/* Begin PBXNativeTarget section */
		6CEF4508292B8AEF00610566 /* ShortcutDemo */ = {
			isa = PBXNativeTarget;
			buildConfigurationList = 6CEF4517292B8AF100610566 /* Build configuration list for PBXNativeTarget "ShortcutDemo" */;
			buildPhases = (
				6CEF4505292B8AEF00610566 /* Sources */,
				6CEF4506292B8AEF00610566 /* Frameworks */,
				6CEF4507292B8AEF00610566 /* Resources */,
				6CEF4531292B8B2000610566 /* Embed App Clips */,
			);
			buildRules = (
			);
			dependencies = (
				6CEF452C292B8B2000610566 /* PBXTargetDependency */,
			);
			name = ShortcutDemo;
			productName = Wilfa;
			productReference = 6CEF4509292B8AEF00610566 /* ShortcutDemo.app */;
			productType = "com.apple.product-type.application";
		};
		6CEF451D292B8B1F00610566 /* ShortcutDemoClip */ = {
			isa = PBXNativeTarget;
			buildConfigurationList = 6CEF452E292B8B2000610566 /* Build configuration list for PBXNativeTarget "ShortcutDemoClip" */;
			buildPhases = (
				6CEF451A292B8B1F00610566 /* Sources */,
				6CEF451B292B8B1F00610566 /* Frameworks */,
				6CEF451C292B8B1F00610566 /* Resources */,
			);
			buildRules = (
			);
			dependencies = (
			);
			name = ShortcutDemoClip;
			productName = WilfaClip;
			productReference = 6CEF451E292B8B1F00610566 /* ShortcutDemoClip.app */;
			productType = "com.apple.product-type.application.on-demand-install-capable";
		};
/* End PBXNativeTarget section */

/* Begin PBXProject section */
		6CEF4501292B8AEF00610566 /* Project object */ = {
			isa = PBXProject;
			attributes = {
				BuildIndependentTargetsInParallel = 1;
				LastSwiftUpdateCheck = 1410;
				LastUpgradeCheck = 1410;
				TargetAttributes = {
					6CEF4508292B8AEF00610566 = {
						CreatedOnToolsVersion = 14.1;
					};
					6CEF451D292B8B1F00610566 = {
						CreatedOnToolsVersion = 14.1;
					};
				};
			};
			buildConfigurationList = 6CEF4504292B8AEF00610566 /* Build configuration list for PBXProject "ShortcutDemo" */;
			compatibilityVersion = "Xcode 14.0";
			developmentRegion = en;
			hasScannedForEncodings = 0;
			knownRegions = (
				en,
				Base,
			);
			mainGroup = 6CEF4500292B8AEF00610566;
			productRefGroup = 6CEF450A292B8AEF00610566 /* Products */;
			projectDirPath = "";
			projectRoot = "";
			targets = (
				6CEF4508292B8AEF00610566 /* ShortcutDemo */,
				6CEF451D292B8B1F00610566 /* ShortcutDemoClip */,
			);
		};
/* End PBXProject section */

/* Begin PBXResourcesBuildPhase section */
		6CEF4507292B8AEF00610566 /* Resources */ = {
			isa = PBXResourcesBuildPhase;
			buildActionMask = 2147483647;
			files = (
				6CEF4514292B8AF100610566 /* Preview Assets.xcassets in Resources */,
				686823622AE8309A00D74134 /* Avenir in Resources */,
				6CEF4511292B8AF100610566 /* Assets.xcassets in Resources */,
			);
			runOnlyForDeploymentPostprocessing = 0;
		};
		6CEF451C292B8B1F00610566 /* Resources */ = {
			isa = PBXResourcesBuildPhase;
			buildActionMask = 2147483647;
			files = (
				20958EF32AFCF64900615FB9 /* Preview Assets.xcassets in Resources */,
				6CEF4525292B8B2000610566 /* Assets.xcassets in Resources */,
			);
			runOnlyForDeploymentPostprocessing = 0;
		};
/* End PBXResourcesBuildPhase section */

/* Begin PBXSourcesBuildPhase section */
		6CEF4505292B8AEF00610566 /* Sources */ = {
			isa = PBXSourcesBuildPhase;
			buildActionMask = 2147483647;
			files = (
				686823642AE92BFA00D74134 /* TestView.swift in Sources */,
				6CEF450F292B8AEF00610566 /* ContentView.swift in Sources */,
				6CEF450D292B8AEF00610566 /* ShortcutAppDemo.swift in Sources */,
			);
			runOnlyForDeploymentPostprocessing = 0;
		};
		6CEF451A292B8B1F00610566 /* Sources */ = {
			isa = PBXSourcesBuildPhase;
			buildActionMask = 2147483647;
			files = (
				68BB325F292DFA5A0041895B /* UsermanualView.swift in Sources */,
				6CEF4523292B8B1F00610566 /* ContentView.swift in Sources */,
				2020261F2B025C520054986E /* SubProduct.swift in Sources */,
				68BB328A292FB2D10041895B /* LanguageView.swift in Sources */,
				6CEF4535292CC35600610566 /* RegisterView.swift in Sources */,
				68BB3282292E63310041895B /* SpecsView.swift in Sources */,
				68BB3267292E1B9C0041895B /* RatingView.swift in Sources */,
				6CEF4521292B8B1F00610566 /* ShortcutAppClipDemo.swift in Sources */,
				6CEF4539292CCB1600610566 /* SparePartsView.swift in Sources */,
				68BB3280292E61C10041895B /* ImageDetailView.swift in Sources */,
				6CEF4533292C121C00610566 /* CellView.swift in Sources */,
				68BB328C292FBE5F0041895B /* ColorExtention.swift in Sources */,
				6CEF453B292CDF6E00610566 /* SubProductsView.swift in Sources */,
				6CEF4537292CC3DB00610566 /* TopBanner.swift in Sources */,
				68BB3286292EB4DD0041895B /* VideoView.swift in Sources */,
				68BB3261292DFB140041895B /* ManualButtonView.swift in Sources */,
				68BB3284292EB0D50041895B /* VideoViewProvider.swift in Sources */,
				68BB3265292E15740041895B /* CustomerFeedBackView.swift in Sources */,
				68BB3288292F65000041895B /* ProductInformationView.swift in Sources */,
				6C195BCD292D126400C888A5 /* HeadingView.swift in Sources */,
				2020261C2B02485D0054986E /* BrandInfo.swift in Sources */,
				68BB3270292E50720041895B /* DetailHeaderView.swift in Sources */,
			);
			runOnlyForDeploymentPostprocessing = 0;
		};
/* End PBXSourcesBuildPhase section */

/* Begin PBXTargetDependency section */
		6CEF452C292B8B2000610566 /* PBXTargetDependency */ = {
			isa = PBXTargetDependency;
			target = 6CEF451D292B8B1F00610566 /* ShortcutDemoClip */;
			targetProxy = 6CEF452B292B8B2000610566 /* PBXContainerItemProxy */;
		};
/* End PBXTargetDependency section */

/* Begin XCBuildConfiguration section */
		6CEF4515292B8AF100610566 /* Debug */ = {
			isa = XCBuildConfiguration;
			buildSettings = {
				ALWAYS_SEARCH_USER_PATHS = NO;
				CLANG_ANALYZER_NONNULL = YES;
				CLANG_ANALYZER_NUMBER_OBJECT_CONVERSION = YES_AGGRESSIVE;
				CLANG_CXX_LANGUAGE_STANDARD = "gnu++20";
				CLANG_ENABLE_MODULES = YES;
				CLANG_ENABLE_OBJC_ARC = YES;
				CLANG_ENABLE_OBJC_WEAK = YES;
				CLANG_WARN_BLOCK_CAPTURE_AUTORELEASING = YES;
				CLANG_WARN_BOOL_CONVERSION = YES;
				CLANG_WARN_COMMA = YES;
				CLANG_WARN_CONSTANT_CONVERSION = YES;
				CLANG_WARN_DEPRECATED_OBJC_IMPLEMENTATIONS = YES;
				CLANG_WARN_DIRECT_OBJC_ISA_USAGE = YES_ERROR;
				CLANG_WARN_DOCUMENTATION_COMMENTS = YES;
				CLANG_WARN_EMPTY_BODY = YES;
				CLANG_WARN_ENUM_CONVERSION = YES;
				CLANG_WARN_INFINITE_RECURSION = YES;
				CLANG_WARN_INT_CONVERSION = YES;
				CLANG_WARN_NON_LITERAL_NULL_CONVERSION = YES;
				CLANG_WARN_OBJC_IMPLICIT_RETAIN_SELF = YES;
				CLANG_WARN_OBJC_LITERAL_CONVERSION = YES;
				CLANG_WARN_OBJC_ROOT_CLASS = YES_ERROR;
				CLANG_WARN_QUOTED_INCLUDE_IN_FRAMEWORK_HEADER = YES;
				CLANG_WARN_RANGE_LOOP_ANALYSIS = YES;
				CLANG_WARN_STRICT_PROTOTYPES = YES;
				CLANG_WARN_SUSPICIOUS_MOVE = YES;
				CLANG_WARN_UNGUARDED_AVAILABILITY = YES_AGGRESSIVE;
				CLANG_WARN_UNREACHABLE_CODE = YES;
				CLANG_WARN__DUPLICATE_METHOD_MATCH = YES;
				COPY_PHASE_STRIP = NO;
				DEBUG_INFORMATION_FORMAT = dwarf;
				ENABLE_STRICT_OBJC_MSGSEND = YES;
				ENABLE_TESTABILITY = YES;
				GCC_C_LANGUAGE_STANDARD = gnu11;
				GCC_DYNAMIC_NO_PIC = NO;
				GCC_NO_COMMON_BLOCKS = YES;
				GCC_OPTIMIZATION_LEVEL = 0;
				GCC_PREPROCESSOR_DEFINITIONS = (
					"DEBUG=1",
					"$(inherited)",
				);
				GCC_WARN_64_TO_32_BIT_CONVERSION = YES;
				GCC_WARN_ABOUT_RETURN_TYPE = YES_ERROR;
				GCC_WARN_UNDECLARED_SELECTOR = YES;
				GCC_WARN_UNINITIALIZED_AUTOS = YES_AGGRESSIVE;
				GCC_WARN_UNUSED_FUNCTION = YES;
				GCC_WARN_UNUSED_VARIABLE = YES;
				IPHONEOS_DEPLOYMENT_TARGET = 16.0;
				MTL_ENABLE_DEBUG_INFO = INCLUDE_SOURCE;
				MTL_FAST_MATH = YES;
				ONLY_ACTIVE_ARCH = YES;
				SDKROOT = iphoneos;
				SWIFT_ACTIVE_COMPILATION_CONDITIONS = DEBUG;
				SWIFT_OPTIMIZATION_LEVEL = "-Onone";
			};
			name = Debug;
		};
		6CEF4516292B8AF100610566 /* Release */ = {
			isa = XCBuildConfiguration;
			buildSettings = {
				ALWAYS_SEARCH_USER_PATHS = NO;
				CLANG_ANALYZER_NONNULL = YES;
				CLANG_ANALYZER_NUMBER_OBJECT_CONVERSION = YES_AGGRESSIVE;
				CLANG_CXX_LANGUAGE_STANDARD = "gnu++20";
				CLANG_ENABLE_MODULES = YES;
				CLANG_ENABLE_OBJC_ARC = YES;
				CLANG_ENABLE_OBJC_WEAK = YES;
				CLANG_WARN_BLOCK_CAPTURE_AUTORELEASING = YES;
				CLANG_WARN_BOOL_CONVERSION = YES;
				CLANG_WARN_COMMA = YES;
				CLANG_WARN_CONSTANT_CONVERSION = YES;
				CLANG_WARN_DEPRECATED_OBJC_IMPLEMENTATIONS = YES;
				CLANG_WARN_DIRECT_OBJC_ISA_USAGE = YES_ERROR;
				CLANG_WARN_DOCUMENTATION_COMMENTS = YES;
				CLANG_WARN_EMPTY_BODY = YES;
				CLANG_WARN_ENUM_CONVERSION = YES;
				CLANG_WARN_INFINITE_RECURSION = YES;
				CLANG_WARN_INT_CONVERSION = YES;
				CLANG_WARN_NON_LITERAL_NULL_CONVERSION = YES;
				CLANG_WARN_OBJC_IMPLICIT_RETAIN_SELF = YES;
				CLANG_WARN_OBJC_LITERAL_CONVERSION = YES;
				CLANG_WARN_OBJC_ROOT_CLASS = YES_ERROR;
				CLANG_WARN_QUOTED_INCLUDE_IN_FRAMEWORK_HEADER = YES;
				CLANG_WARN_RANGE_LOOP_ANALYSIS = YES;
				CLANG_WARN_STRICT_PROTOTYPES = YES;
				CLANG_WARN_SUSPICIOUS_MOVE = YES;
				CLANG_WARN_UNGUARDED_AVAILABILITY = YES_AGGRESSIVE;
				CLANG_WARN_UNREACHABLE_CODE = YES;
				CLANG_WARN__DUPLICATE_METHOD_MATCH = YES;
				COPY_PHASE_STRIP = NO;
				DEBUG_INFORMATION_FORMAT = "dwarf-with-dsym";
				ENABLE_NS_ASSERTIONS = NO;
				ENABLE_STRICT_OBJC_MSGSEND = YES;
				GCC_C_LANGUAGE_STANDARD = gnu11;
				GCC_NO_COMMON_BLOCKS = YES;
				GCC_WARN_64_TO_32_BIT_CONVERSION = YES;
				GCC_WARN_ABOUT_RETURN_TYPE = YES_ERROR;
				GCC_WARN_UNDECLARED_SELECTOR = YES;
				GCC_WARN_UNINITIALIZED_AUTOS = YES_AGGRESSIVE;
				GCC_WARN_UNUSED_FUNCTION = YES;
				GCC_WARN_UNUSED_VARIABLE = YES;
				IPHONEOS_DEPLOYMENT_TARGET = 16.0;
				MTL_ENABLE_DEBUG_INFO = NO;
				MTL_FAST_MATH = YES;
				SDKROOT = iphoneos;
				SWIFT_COMPILATION_MODE = wholemodule;
				SWIFT_OPTIMIZATION_LEVEL = "-O";
				VALIDATE_PRODUCT = YES;
			};
			name = Release;
		};
		6CEF4518292B8AF100610566 /* Debug */ = {
			isa = XCBuildConfiguration;
			buildSettings = {
				ALWAYS_EMBED_SWIFT_STANDARD_LIBRARIES = YES;
				ASSETCATALOG_COMPILER_APPICON_NAME = AppIcon;
				ASSETCATALOG_COMPILER_GLOBAL_ACCENT_COLOR_NAME = AccentColor;
				CODE_SIGN_IDENTITY = "Apple Development";
				CODE_SIGN_STYLE = Automatic;
				CURRENT_PROJECT_VERSION = 1;
				DEVELOPMENT_ASSET_PATHS = "\"ShortcutAppDemo/Preview Content\"";
				DEVELOPMENT_TEAM = DLFLF8ZQDD;
				ENABLE_PREVIEWS = YES;
				GENERATE_INFOPLIST_FILE = YES;
				INFOPLIST_KEY_CFBundleDisplayName = "Shortcut App Demo";
				INFOPLIST_KEY_UIApplicationSceneManifest_Generation = YES;
				INFOPLIST_KEY_UIApplicationSupportsIndirectInputEvents = YES;
				INFOPLIST_KEY_UILaunchScreen_Generation = YES;
				INFOPLIST_KEY_UISupportedInterfaceOrientations_iPad = "UIInterfaceOrientationPortrait UIInterfaceOrientationPortraitUpsideDown UIInterfaceOrientationLandscapeLeft UIInterfaceOrientationLandscapeRight";
				INFOPLIST_KEY_UISupportedInterfaceOrientations_iPhone = "UIInterfaceOrientationPortrait UIInterfaceOrientationLandscapeLeft UIInterfaceOrientationLandscapeRight";
				LD_RUNPATH_SEARCH_PATHS = (
					"$(inherited)",
					"@executable_path/Frameworks",
				);
				MARKETING_VERSION = 1.0;
				PRODUCT_BUNDLE_IDENTIFIER = no.shortcut.appclip.demo;
				PRODUCT_NAME = "$(TARGET_NAME)";
				PROVISIONING_PROFILE_SPECIFIER = "";
				SWIFT_EMIT_LOC_STRINGS = YES;
				SWIFT_VERSION = 5.0;
				TARGETED_DEVICE_FAMILY = "1,2";
			};
			name = Debug;
		};
		6CEF4519292B8AF100610566 /* Release */ = {
			isa = XCBuildConfiguration;
			buildSettings = {
				ALWAYS_EMBED_SWIFT_STANDARD_LIBRARIES = YES;
				ASSETCATALOG_COMPILER_APPICON_NAME = AppIcon;
				ASSETCATALOG_COMPILER_GLOBAL_ACCENT_COLOR_NAME = AccentColor;
				CODE_SIGN_IDENTITY = "Apple Development";
				CODE_SIGN_STYLE = Automatic;
				CURRENT_PROJECT_VERSION = 1;
				DEVELOPMENT_ASSET_PATHS = "\"ShortcutAppDemo/Preview Content\"";
				DEVELOPMENT_TEAM = DLFLF8ZQDD;
				ENABLE_PREVIEWS = YES;
				GENERATE_INFOPLIST_FILE = YES;
				INFOPLIST_KEY_CFBundleDisplayName = "Shortcut App Demo";
				INFOPLIST_KEY_UIApplicationSceneManifest_Generation = YES;
				INFOPLIST_KEY_UIApplicationSupportsIndirectInputEvents = YES;
				INFOPLIST_KEY_UILaunchScreen_Generation = YES;
				INFOPLIST_KEY_UISupportedInterfaceOrientations_iPad = "UIInterfaceOrientationPortrait UIInterfaceOrientationPortraitUpsideDown UIInterfaceOrientationLandscapeLeft UIInterfaceOrientationLandscapeRight";
				INFOPLIST_KEY_UISupportedInterfaceOrientations_iPhone = "UIInterfaceOrientationPortrait UIInterfaceOrientationLandscapeLeft UIInterfaceOrientationLandscapeRight";
				LD_RUNPATH_SEARCH_PATHS = (
					"$(inherited)",
					"@executable_path/Frameworks",
				);
				MARKETING_VERSION = 1.0;
				PRODUCT_BUNDLE_IDENTIFIER = no.shortcut.appclip.demo;
				PRODUCT_NAME = "$(TARGET_NAME)";
				PROVISIONING_PROFILE_SPECIFIER = "";
				SWIFT_EMIT_LOC_STRINGS = YES;
				SWIFT_VERSION = 5.0;
				TARGETED_DEVICE_FAMILY = "1,2";
			};
			name = Release;
		};
		6CEF452F292B8B2000610566 /* Debug */ = {
			isa = XCBuildConfiguration;
			buildSettings = {
				ASSETCATALOG_COMPILER_APPICON_NAME = AppIcon;
				ASSETCATALOG_COMPILER_GLOBAL_ACCENT_COLOR_NAME = AccentColor;
				CODE_SIGN_ENTITLEMENTS = ShortcutAppClipDemo/ShortcutDemoAppClip.entitlements;
				CODE_SIGN_STYLE = Automatic;
				CURRENT_PROJECT_VERSION = 1;
				DEVELOPMENT_ASSET_PATHS = "\"ShortcutAppClipDemo/Preview Content\"";
				DEVELOPMENT_TEAM = DLFLF8ZQDD;
				ENABLE_PREVIEWS = YES;
				GENERATE_INFOPLIST_FILE = YES;
				INFOPLIST_FILE = ShortcutAppClipDemo/Info.plist;
				INFOPLIST_KEY_CFBundleDisplayName = "Shortcut Clip";
				INFOPLIST_KEY_UIApplicationSceneManifest_Generation = YES;
				INFOPLIST_KEY_UIApplicationSupportsIndirectInputEvents = YES;
				INFOPLIST_KEY_UILaunchScreen_Generation = YES;
				INFOPLIST_KEY_UISupportedInterfaceOrientations_iPad = "UIInterfaceOrientationPortrait UIInterfaceOrientationPortraitUpsideDown UIInterfaceOrientationLandscapeLeft UIInterfaceOrientationLandscapeRight";
				INFOPLIST_KEY_UISupportedInterfaceOrientations_iPhone = "UIInterfaceOrientationPortrait UIInterfaceOrientationLandscapeLeft UIInterfaceOrientationLandscapeRight";
				LD_RUNPATH_SEARCH_PATHS = (
					"$(inherited)",
					"@executable_path/Frameworks",
				);
				MARKETING_VERSION = 1.0;
				PRODUCT_BUNDLE_IDENTIFIER = no.shortcut.appclip.demo.clip;
				PRODUCT_NAME = "$(TARGET_NAME)";
				SWIFT_EMIT_LOC_STRINGS = YES;
				SWIFT_VERSION = 5.0;
				TARGETED_DEVICE_FAMILY = "1,2";
			};
			name = Debug;
		};
		6CEF4530292B8B2000610566 /* Release */ = {
			isa = XCBuildConfiguration;
			buildSettings = {
				ASSETCATALOG_COMPILER_APPICON_NAME = AppIcon;
				ASSETCATALOG_COMPILER_GLOBAL_ACCENT_COLOR_NAME = AccentColor;
				CODE_SIGN_ENTITLEMENTS = ShortcutAppClipDemo/ShortcutDemoAppClip.entitlements;
				CODE_SIGN_STYLE = Automatic;
				CURRENT_PROJECT_VERSION = 1;
				DEVELOPMENT_ASSET_PATHS = "\"ShortcutAppClipDemo/Preview Content\"";
				DEVELOPMENT_TEAM = DLFLF8ZQDD;
				ENABLE_PREVIEWS = YES;
				GENERATE_INFOPLIST_FILE = YES;
				INFOPLIST_FILE = ShortcutAppClipDemo/Info.plist;
				INFOPLIST_KEY_CFBundleDisplayName = "Shortcut Clip";
				INFOPLIST_KEY_UIApplicationSceneManifest_Generation = YES;
				INFOPLIST_KEY_UIApplicationSupportsIndirectInputEvents = YES;
				INFOPLIST_KEY_UILaunchScreen_Generation = YES;
				INFOPLIST_KEY_UISupportedInterfaceOrientations_iPad = "UIInterfaceOrientationPortrait UIInterfaceOrientationPortraitUpsideDown UIInterfaceOrientationLandscapeLeft UIInterfaceOrientationLandscapeRight";
				INFOPLIST_KEY_UISupportedInterfaceOrientations_iPhone = "UIInterfaceOrientationPortrait UIInterfaceOrientationLandscapeLeft UIInterfaceOrientationLandscapeRight";
				LD_RUNPATH_SEARCH_PATHS = (
					"$(inherited)",
					"@executable_path/Frameworks",
				);
				MARKETING_VERSION = 1.0;
				PRODUCT_BUNDLE_IDENTIFIER = no.shortcut.appclip.demo.clip;
				PRODUCT_NAME = "$(TARGET_NAME)";
				SWIFT_EMIT_LOC_STRINGS = YES;
				SWIFT_VERSION = 5.0;
				TARGETED_DEVICE_FAMILY = "1,2";
			};
			name = Release;
		};
/* End XCBuildConfiguration section */

/* Begin XCConfigurationList section */
		6CEF4504292B8AEF00610566 /* Build configuration list for PBXProject "ShortcutDemo" */ = {
			isa = XCConfigurationList;
			buildConfigurations = (
				6CEF4515292B8AF100610566 /* Debug */,
				6CEF4516292B8AF100610566 /* Release */,
			);
			defaultConfigurationIsVisible = 0;
			defaultConfigurationName = Release;
		};
		6CEF4517292B8AF100610566 /* Build configuration list for PBXNativeTarget "ShortcutDemo" */ = {
			isa = XCConfigurationList;
			buildConfigurations = (
				6CEF4518292B8AF100610566 /* Debug */,
				6CEF4519292B8AF100610566 /* Release */,
			);
			defaultConfigurationIsVisible = 0;
			defaultConfigurationName = Release;
		};
		6CEF452E292B8B2000610566 /* Build configuration list for PBXNativeTarget "ShortcutDemoClip" */ = {
			isa = XCConfigurationList;
			buildConfigurations = (
				6CEF452F292B8B2000610566 /* Debug */,
				6CEF4530292B8B2000610566 /* Release */,
			);
			defaultConfigurationIsVisible = 0;
			defaultConfigurationName = Release;
		};
/* End XCConfigurationList section */
	};
	rootObject = 6CEF4501292B8AEF00610566 /* Project object */;
}
